
Microsoft Visual Studio Solution File, Format Version 12.00
# Visual Studio 15
VisualStudioVersion = 15.0.27428.2027
MinimumVisualStudioVersion = 10.0.40219.1
Project("{159641D6-6404-4A2A-AE62-294DE0FE8301}") = "IBOST_SSIS", "IBOST_SSIS\IBOST_SSIS.dtproj", "{B6FB20FB-4E5C-47A7-8E13-30562CA16C8D}"
EndProject
Project("{FAE04EC0-301F-11D3-BF4B-00C04F79EFBC}") = "WebIBOST1", "WebIBOST1\WebIBOST1.csproj", "{0E6B3E09-ADCA-488D-8B08-2BF35DBA9012}"
EndProject
Global
	GlobalSection(SolutionConfigurationPlatforms) = preSolution
		Debug|Any CPU = Debug|Any CPU
		Development|Any CPU = Development|Any CPU
		Release|Any CPU = Release|Any CPU
	EndGlobalSection
	GlobalSection(ProjectConfigurationPlatforms) = postSolution
		{B6FB20FB-4E5C-47A7-8E13-30562CA16C8D}.Debug|Any CPU.ActiveCfg = Development
		{B6FB20FB-4E5C-47A7-8E13-30562CA16C8D}.Debug|Any CPU.Build.0 = Development
		{B6FB20FB-4E5C-47A7-8E13-30562CA16C8D}.Development|Any CPU.ActiveCfg = Development
		{B6FB20FB-4E5C-47A7-8E13-30562CA16C8D}.Development|Any CPU.Build.0 = Development
		{B6FB20FB-4E5C-47A7-8E13-30562CA16C8D}.Release|Any CPU.ActiveCfg = Development
		{B6FB20FB-4E5C-47A7-8E13-30562CA16C8D}.Release|Any CPU.Build.0 = Development
		{0E6B3E09-ADCA-488D-8B08-2BF35DBA9012}.Debug|Any CPU.ActiveCfg = Debug|Any CPU
		{0E6B3E09-ADCA-488D-8B08-2BF35DBA9012}.Debug|Any CPU.Build.0 = Debug|Any CPU
		{0E6B3E09-ADCA-488D-8B08-2BF35DBA9012}.Development|Any CPU.ActiveCfg = Debug|Any CPU
		{0E6B3E09-ADCA-488D-8B08-2BF35DBA9012}.Development|Any CPU.Build.0 = Debug|Any CPU
		{0E6B3E09-ADCA-488D-8B08-2BF35DBA9012}.Release|Any CPU.ActiveCfg = Release|Any CPU
		{0E6B3E09-ADCA-488D-8B08-2BF35DBA9012}.Release|Any CPU.Build.0 = Release|Any CPU
	EndGlobalSection
	GlobalSection(SolutionProperties) = preSolution
		HideSolutionNode = FALSE
	EndGlobalSection
	GlobalSection(ExtensibilityGlobals) = postSolution
		SolutionGuid = {E113CB96-C291-43A4-A027-5B659423FCF2}
	EndGlobalSection
EndGlobal
